// !$*UTF8*$!
{
	archiveVersion = 1;
	classes = {
	};
	objectVersion = 46;
	objects = {

/* Begin PBXBuildFile section */
		6FA195DFD52048AA36DAAD0D /* Pods_countup20170802_2.framework in Frameworks */ = {isa = PBXBuildFile; fileRef = 4E33844DF819CD616C1D7E5A /* Pods_countup20170802_2.framework */; };
		AB0909441F318C1000F5851D /* AppDelegate.swift in Sources */ = {isa = PBXBuildFile; fileRef = AB0909431F318C1000F5851D /* AppDelegate.swift */; };
		AB0909461F318C1000F5851D /* ViewController.swift in Sources */ = {isa = PBXBuildFile; fileRef = AB0909451F318C1000F5851D /* ViewController.swift */; };
		AB0909491F318C1000F5851D /* Main.storyboard in Resources */ = {isa = PBXBuildFile; fileRef = AB0909471F318C1000F5851D /* Main.storyboard */; };
		AB09094B1F318C1000F5851D /* Assets.xcassets in Resources */ = {isa = PBXBuildFile; fileRef = AB09094A1F318C1000F5851D /* Assets.xcassets */; };
		AB09094E1F318C1000F5851D /* LaunchScreen.storyboard in Resources */ = {isa = PBXBuildFile; fileRef = AB09094C1F318C1000F5851D /* LaunchScreen.storyboard */; };
/* End PBXBuildFile section */

/* Begin PBXFileReference section */
		0A0DDBB406D42146756141AF /* Pods-countup20170802-2.debug.xcconfig */ = {isa = PBXFileReference; includeInIndex = 1; lastKnownFileType = text.xcconfig; name = "Pods-countup20170802-2.debug.xcconfig"; path = "Pods/Target Support Files/Pods-countup20170802-2/Pods-countup20170802-2.debug.xcconfig"; sourceTree = "<group>"; };
		168B119DBA6FEC7C0ECC0EEC /* Pods-countup20170802-2.release.xcconfig */ = {isa = PBXFileReference; includeInIndex = 1; lastKnownFileType = text.xcconfig; name = "Pods-countup20170802-2.release.xcconfig"; path = "Pods/Target Support Files/Pods-countup20170802-2/Pods-countup20170802-2.release.xcconfig"; sourceTree = "<group>"; };
		4E33844DF819CD616C1D7E5A /* Pods_countup20170802_2.framework */ = {isa = PBXFileReference; explicitFileType = wrapper.framework; includeInIndex = 0; path = Pods_countup20170802_2.framework; sourceTree = BUILT_PRODUCTS_DIR; };
		AB0909401F318C1000F5851D /* countup20170802-2.app */ = {isa = PBXFileReference; explicitFileType = wrapper.application; includeInIndex = 0; path = "countup20170802-2.app"; sourceTree = BUILT_PRODUCTS_DIR; };
		AB0909431F318C1000F5851D /* AppDelegate.swift */ = {isa = PBXFileReference; lastKnownFileType = sourcecode.swift; path = AppDelegate.swift; sourceTree = "<group>"; };
		AB0909451F318C1000F5851D /* ViewController.swift */ = {isa = PBXFileReference; lastKnownFileType = sourcecode.swift; path = ViewController.swift; sourceTree = "<group>"; };
		AB0909481F318C1000F5851D /* Base */ = {isa = PBXFileReference; lastKnownFileType = file.storyboard; name = Base; path = Base.lproj/Main.storyboard; sourceTree = "<group>"; };
		AB09094A1F318C1000F5851D /* Assets.xcassets */ = {isa = PBXFileReference; lastKnownFileType = folder.assetcatalog; path = Assets.xcassets; sourceTree = "<group>"; };
		AB09094D1F318C1000F5851D /* Base */ = {isa = PBXFileReference; lastKnownFileType = file.storyboard; name = Base; path = Base.lproj/LaunchScreen.storyboard; sourceTree = "<group>"; };
		AB09094F1F318C1000F5851D /* Info.plist */ = {isa = PBXFileReference; lastKnownFileType = text.plist.xml; path = Info.plist; sourceTree = "<group>"; };
/* End PBXFileReference section */

/* Begin PBXFrameworksBuildPhase section */
		AB09093D1F318C1000F5851D /* Frameworks */ = {
			isa = PBXFrameworksBuildPhase;
			buildActionMask = 2147483647;
			files = (
				6FA195DFD52048AA36DAAD0D /* Pods_countup20170802_2.framework in Frameworks */,
			);
			runOnlyForDeploymentPostprocessing = 0;
		};
/* End PBXFrameworksBuildPhase section */

/* Begin PBXGroup section */
		043AF3F6ECF1F133839B2496 /* Frameworks */ = {
			isa = PBXGroup;
			children = (
				4E33844DF819CD616C1D7E5A /* Pods_countup20170802_2.framework */,
			);
			name = Frameworks;
			sourceTree = "<group>";
		};
		AB0909371F318C1000F5851D = {
			isa = PBXGroup;
			children = (
				AB0909421F318C1000F5851D /* countup20170802-2 */,
				AB0909411F318C1000F5851D /* Products */,
				E8EF4B70B5917E14BE21F4EF /* Pods */,
				043AF3F6ECF1F133839B2496 /* Frameworks */,
			);
			sourceTree = "<group>";
		};
		AB0909411F318C1000F5851D /* Products */ = {
			isa = PBXGroup;
			children = (
				AB0909401F318C1000F5851D /* countup20170802-2.app */,
			);
			name = Products;
			sourceTree = "<group>";
		};
		AB0909421F318C1000F5851D /* countup20170802-2 */ = {
			isa = PBXGroup;
			children = (
				AB0909431F318C1000F5851D /* AppDelegate.swift */,
				AB0909451F318C1000F5851D /* ViewController.swift */,
				AB0909471F318C1000F5851D /* Main.storyboard */,
				AB09094A1F318C1000F5851D /* Assets.xcassets */,
				AB09094C1F318C1000F5851D /* LaunchScreen.storyboard */,
				AB09094F1F318C1000F5851D /* Info.plist */,
			);
			path = "countup20170802-2";
			sourceTree = "<group>";
		};
		E8EF4B70B5917E14BE21F4EF /* Pods */ = {
			isa = PBXGroup;
			children = (
				0A0DDBB406D42146756141AF /* Pods-countup20170802-2.debug.xcconfig */,
				168B119DBA6FEC7C0ECC0EEC /* Pods-countup20170802-2.release.xcconfig */,
			);
			name = Pods;
			sourceTree = "<group>";
		};
/* End PBXGroup section */

/* Begin PBXNativeTarget section */
		AB09093F1F318C1000F5851D /* countup20170802-2 */ = {
			isa = PBXNativeTarget;
			buildConfigurationList = AB0909521F318C1000F5851D /* Build configuration list for PBXNativeTarget "countup20170802-2" */;
			buildPhases = (
				3EC8DEC6EEE62BCC061363AE /* [CP] Check Pods Manifest.lock */,
				AB09093C1F318C1000F5851D /* Sources */,
				AB09093D1F318C1000F5851D /* Frameworks */,
				AB09093E1F318C1000F5851D /* Resources */,
				F1B859D2C2850C345894B902 /* [CP] Embed Pods Frameworks */,
				4AD8D4680EC8486FE0432273 /* [CP] Copy Pods Resources */,
			);
			buildRules = (
			);
			dependencies = (
			);
			name = "countup20170802-2";
			productName = "countup20170802-2";
			productReference = AB0909401F318C1000F5851D /* countup20170802-2.app */;
			productType = "com.apple.product-type.application";
		};
/* End PBXNativeTarget section */

/* Begin PBXProject section */
		AB0909381F318C1000F5851D /* Project object */ = {
			isa = PBXProject;
			attributes = {
				LastSwiftUpdateCheck = 0830;
				LastUpgradeCheck = 0830;
				ORGANIZATIONNAME = net.tksho;
				TargetAttributes = {
					AB09093F1F318C1000F5851D = {
						CreatedOnToolsVersion = 8.3.3;
						ProvisioningStyle = Automatic;
					};
				};
			};
			buildConfigurationList = AB09093B1F318C1000F5851D /* Build configuration list for PBXProject "countup20170802-2" */;
			compatibilityVersion = "Xcode 3.2";
			developmentRegion = English;
			hasScannedForEncodings = 0;
			knownRegions = (
				en,
				Base,
			);
			mainGroup = AB0909371F318C1000F5851D;
			productRefGroup = AB0909411F318C1000F5851D /* Products */;
			projectDirPath = "";
			projectRoot = "";
			targets = (
				AB09093F1F318C1000F5851D /* countup20170802-2 */,
			);
		};
/* End PBXProject section */

/* Begin PBXResourcesBuildPhase section */
		AB09093E1F318C1000F5851D /* Resources */ = {
			isa = PBXResourcesBuildPhase;
			buildActionMask = 2147483647;
			files = (
				AB09094E1F318C1000F5851D /* LaunchScreen.storyboard in Resources */,
				AB09094B1F318C1000F5851D /* Assets.xcassets in Resources */,
				AB0909491F318C1000F5851D /* Main.storyboard in Resources */,
			);
			runOnlyForDeploymentPostprocessing = 0;
		};
/* End PBXResourcesBuildPhase section */

/* Begin PBXShellScriptBuildPhase section */
		3EC8DEC6EEE62BCC061363AE /* [CP] Check Pods Manifest.lock */ = {
			isa = PBXShellScriptBuildPhase;
			buildActionMask = 2147483647;
			files = (
			);
			inputPaths = (
			);
			name = "[CP] Check Pods Manifest.lock";
			outputPaths = (
			);
			runOnlyForDeploymentPostprocessing = 0;
			shellPath = /bin/sh;
			shellScript = "diff \"${PODS_PODFILE_DIR_PATH}/Podfile.lock\" \"${PODS_ROOT}/Manifest.lock\" > /dev/null\nif [ $? != 0 ] ; then\n    # print error to STDERR\n    echo \"error: The sandbox is not in sync with the Podfile.lock. Run 'pod install' or update your CocoaPods installation.\" >&2\n    exit 1\nfi\n";
			showEnvVarsInLog = 0;
		};
		4AD8D4680EC8486FE0432273 /* [CP] Copy Pods Resources */ = {
			isa = PBXShellScriptBuildPhase;
			buildActionMask = 2147483647;
			files = (
			);
			inputPaths = (
			);
			name = "[CP] Copy Pods Resources";
			outputPaths = (
			);
			runOnlyForDeploymentPostprocessing = 0;
			shellPath = /bin/sh;
			shellScript = "\"${SRCROOT}/Pods/Target Support Files/Pods-countup20170802-2/Pods-countup20170802-2-resources.sh\"\n";
			showEnvVarsInLog = 0;
		};
		F1B859D2C2850C345894B902 /* [CP] Embed Pods Frameworks */ = {
			isa = PBXShellScriptBuildPhase;
			buildActionMask = 2147483647;
			files = (
			);
			inputPaths = (
			);
			name = "[CP] Embed Pods Frameworks";
			outputPaths = (
			);
			runOnlyForDeploymentPostprocessing = 0;
			shellPath = /bin/sh;
			shellScript = "\"${SRCROOT}/Pods/Target Support Files/Pods-countup20170802-2/Pods-countup20170802-2-frameworks.sh\"\n";
			showEnvVarsInLog = 0;
		};
/* End PBXShellScriptBuildPhase section */

/* Begin PBXSourcesBuildPhase section */
		AB09093C1F318C1000F5851D /* Sources */ = {
			isa = PBXSourcesBuildPhase;
			buildActionMask = 2147483647;
			files = (
				AB0909461F318C1000F5851D /* ViewController.swift in Sources */,
				AB0909441F318C1000F5851D /* AppDelegate.swift in Sources */,
			);
			runOnlyForDeploymentPostprocessing = 0;
		};
/* End PBXSourcesBuildPhase section */

/* Begin PBXVariantGroup section */
		AB0909471F318C1000F5851D /* Main.storyboard */ = {
			isa = PBXVariantGroup;
			children = (
				AB0909481F318C1000F5851D /* Base */,
			);
			name = Main.storyboard;
			sourceTree = "<group>";
		};
		AB09094C1F318C1000F5851D /* LaunchScreen.storyboard */ = {
			isa = PBXVariantGroup;
			children = (
				AB09094D1F318C1000F5851D /* Base */,
			);
			name = LaunchScreen.storyboard;
			sourceTree = "<group>";
		};
/* End PBXVariantGroup section */

/* Begin XCBuildConfiguration section */
		AB0909501F318C1000F5851D /* Debug */ = {
			isa = XCBuildConfiguration;
			buildSettings = {
				ALWAYS_SEARCH_USER_PATHS = NO;
				CLANG_ANALYZER_NONNULL = YES;
				CLANG_ANALYZER_NUMBER_OBJECT_CONVERSION = YES_AGGRESSIVE;
				CLANG_CXX_LANGUAGE_STANDARD = "gnu++0x";
				CLANG_CXX_LIBRARY = "libc++";
				CLANG_ENABLE_MODULES = YES;
				CLANG_ENABLE_OBJC_ARC = YES;
				CLANG_WARN_BOOL_CONVERSION = YES;
				CLANG_WARN_CONSTANT_CONVERSION = YES;
				CLANG_WARN_DIRECT_OBJC_ISA_USAGE = YES_ERROR;
				CLANG_WARN_DOCUMENTATION_COMMENTS = YES;
				CLANG_WARN_EMPTY_BODY = YES;
				CLANG_WARN_ENUM_CONVERSION = YES;
				CLANG_WARN_INFINITE_RECURSION = YES;
				CLANG_WARN_INT_CONVERSION = YES;
				CLANG_WARN_OBJC_ROOT_CLASS = YES_ERROR;
				CLANG_WARN_SUSPICIOUS_MOVE = YES;
				CLANG_WARN_UNREACHABLE_CODE = YES;
				CLANG_WARN__DUPLICATE_METHOD_MATCH = YES;
				"CODE_SIGN_IDENTITY[sdk=iphoneos*]" = "iPhone Developer";
				COPY_PHASE_STRIP = NO;
				DEBUG_INFORMATION_FORMAT = dwarf;
				ENABLE_STRICT_OBJC_MSGSEND = YES;
				ENABLE_TESTABILITY = YES;
				GCC_C_LANGUAGE_STANDARD = gnu99;
				GCC_DYNAMIC_NO_PIC = NO;
				GCC_NO_COMMON_BLOCKS = YES;
				GCC_OPTIMIZATION_LEVEL = 0;
				GCC_PREPROCESSOR_DEFINITIONS = (
					"DEBUG=1",
					"$(inherited)",
				);
				GCC_WARN_64_TO_32_BIT_CONVERSION = YES;
				GCC_WARN_ABOUT_RETURN_TYPE = YES_ERROR;
				GCC_WARN_UNDECLARED_SELECTOR = YES;
				GCC_WARN_UNINITIALIZED_AUTOS = YES_AGGRESSIVE;
				GCC_WARN_UNUSED_FUNCTION = YES;
				GCC_WARN_UNUSED_VARIABLE = YES;
				IPHONEOS_DEPLOYMENT_TARGET = 10.3;
				MTL_ENABLE_DEBUG_INFO = YES;
				ONLY_ACTIVE_ARCH = YES;
				SDKROOT = iphoneos;
				SWIFT_ACTIVE_COMPILATION_CONDITIONS = DEBUG;
				SWIFT_OPTIMIZATION_LEVEL = "-Onone";
			};
			name = Debug;
		};
		AB0909511F318C1000F5851D /* Release */ = {
			isa = XCBuildConfiguration;
			buildSettings = {
				ALWAYS_SEARCH_USER_PATHS = NO;
				CLANG_ANALYZER_NONNULL = YES;
				CLANG_ANALYZER_NUMBER_OBJECT_CONVERSION = YES_AGGRESSIVE;
				CLANG_CXX_LANGUAGE_STANDARD = "gnu++0x";
				CLANG_CXX_LIBRARY = "libc++";
				CLANG_ENABLE_MODULES = YES;
				CLANG_ENABLE_OBJC_ARC = YES;
				CLANG_WARN_BOOL_CONVERSION = YES;
				CLANG_WARN_CONSTANT_CONVERSION = YES;
				CLANG_WARN_DIRECT_OBJC_ISA_USAGE = YES_ERROR;
				CLANG_WARN_DOCUMENTATION_COMMENTS = YES;
				CLANG_WARN_EMPTY_BODY = YES;
				CLANG_WARN_ENUM_CONVERSION = YES;
				CLANG_WARN_INFINITE_RECURSION = YES;
				CLANG_WARN_INT_CONVERSION = YES;
				CLANG_WARN_OBJC_ROOT_CLASS = YES_ERROR;
				CLANG_WARN_SUSPICIOUS_MOVE = YES;
				CLANG_WARN_UNREACHABLE_CODE = YES;
				CLANG_WARN__DUPLICATE_METHOD_MATCH = YES;
				"CODE_SIGN_IDENTITY[sdk=iphoneos*]" = "iPhone Developer";
				COPY_PHASE_STRIP = NO;
				DEBUG_INFORMATION_FORMAT = "dwarf-with-dsym";
				ENABLE_NS_ASSERTIONS = NO;
				ENABLE_STRICT_OBJC_MSGSEND = YES;
				GCC_C_LANGUAGE_STANDARD = gnu99;
				GCC_NO_COMMON_BLOCKS = YES;
				GCC_WARN_64_TO_32_BIT_CONVERSION = YES;
				GCC_WARN_ABOUT_RETURN_TYPE = YES_ERROR;
				GCC_WARN_UNDECLARED_SELECTOR = YES;
				GCC_WARN_UNINITIALIZED_AUTOS = YES_AGGRESSIVE;
				GCC_WARN_UNUSED_FUNCTION = YES;
				GCC_WARN_UNUSED_VARIABLE = YES;
				IPHONEOS_DEPLOYMENT_TARGET = 10.3;
				MTL_ENABLE_DEBUG_INFO = NO;
				SDKROOT = iphoneos;
				SWIFT_OPTIMIZATION_LEVEL = "-Owholemodule";
				VALIDATE_PRODUCT = YES;
			};
			name = Release;
		};
		AB0909531F318C1000F5851D /* Debug */ = {
			isa = XCBuildConfiguration;
			baseConfigurationReference = 0A0DDBB406D42146756141AF /* Pods-countup20170802-2.debug.xcconfig */;
			buildSettings = {
				ASSETCATALOG_COMPILER_APPICON_NAME = AppIcon;
				INFOPLIST_FILE = "countup20170802-2/Info.plist";
				LD_RUNPATH_SEARCH_PATHS = "$(inherited) @executable_path/Frameworks";
				PRODUCT_BUNDLE_IDENTIFIER = "net.tksho.countup20170802-2";
				PRODUCT_NAME = "$(TARGET_NAME)";
				SWIFT_VERSION = 3.0;
			};
			name = Debug;
		};
		AB0909541F318C1000F5851D /* Release */ = {
			isa = XCBuildConfiguration;
			baseConfigurationReference = 168B119DBA6FEC7C0ECC0EEC /* Pods-countup20170802-2.release.xcconfig */;
			buildSettings = {
				ASSETCATALOG_COMPILER_APPICON_NAME = AppIcon;
				INFOPLIST_FILE = "countup20170802-2/Info.plist";
				LD_RUNPATH_SEARCH_PATHS = "$(inherited) @executable_path/Frameworks";
				PRODUCT_BUNDLE_IDENTIFIER = "net.tksho.countup20170802-2";
				PRODUCT_NAME = "$(TARGET_NAME)";
				SWIFT_VERSION = 3.0;
			};
			name = Release;
		};
/* End XCBuildConfiguration section */

/* Begin XCConfigurationList section */
		AB09093B1F318C1000F5851D /* Build configuration list for PBXProject "countup20170802-2" */ = {
			isa = XCConfigurationList;
			buildConfigurations = (
				AB0909501F318C1000F5851D /* Debug */,
				AB0909511F318C1000F5851D /* Release */,
			);
			defaultConfigurationIsVisible = 0;
			defaultConfigurationName = Release;
		};
		AB0909521F318C1000F5851D /* Build configuration list for PBXNativeTarget "countup20170802-2" */ = {
			isa = XCConfigurationList;
			buildConfigurations = (
				AB0909531F318C1000F5851D /* Debug */,
				AB0909541F318C1000F5851D /* Release */,
			);
			defaultConfigurationIsVisible = 0;
		};
/* End XCConfigurationList section */
	};
	rootObject = AB0909381F318C1000F5851D /* Project object */;
}
